// !$*UTF8*$!
{
	archiveVersion = 1;
	classes = {
	};
	objectVersion = 46;
	objects = {

/* Begin PBXBuildFile section */
		19295F94DBF00376F0FD9247 /* Pods_CarkParkTests.framework in Frameworks */ = {isa = PBXBuildFile; fileRef = C020C8FDE1BD8AB98EED4587 /* Pods_CarkParkTests.framework */; };
		2432BD6C1D9C733D00AD7EC6 /* AppDelegate.swift in Sources */ = {isa = PBXBuildFile; fileRef = 2432BD6B1D9C733D00AD7EC6 /* AppDelegate.swift */; };
		2432BD6E1D9C733D00AD7EC6 /* ViewController.swift in Sources */ = {isa = PBXBuildFile; fileRef = 2432BD6D1D9C733D00AD7EC6 /* ViewController.swift */; };
		2432BD711D9C733D00AD7EC6 /* Main.storyboard in Resources */ = {isa = PBXBuildFile; fileRef = 2432BD6F1D9C733D00AD7EC6 /* Main.storyboard */; };
		2432BD741D9C733D00AD7EC6 /* CarkPark.xcdatamodeld in Sources */ = {isa = PBXBuildFile; fileRef = 2432BD721D9C733D00AD7EC6 /* CarkPark.xcdatamodeld */; };
		2432BD761D9C733E00AD7EC6 /* Assets.xcassets in Resources */ = {isa = PBXBuildFile; fileRef = 2432BD751D9C733E00AD7EC6 /* Assets.xcassets */; };
		2432BD791D9C733E00AD7EC6 /* LaunchScreen.storyboard in Resources */ = {isa = PBXBuildFile; fileRef = 2432BD771D9C733E00AD7EC6 /* LaunchScreen.storyboard */; };
		2432BD841D9C733E00AD7EC6 /* CarkParkTests.swift in Sources */ = {isa = PBXBuildFile; fileRef = 2432BD831D9C733E00AD7EC6 /* CarkParkTests.swift */; };
		2432BD8F1D9C733E00AD7EC6 /* CarkParkUITests.swift in Sources */ = {isa = PBXBuildFile; fileRef = 2432BD8E1D9C733E00AD7EC6 /* CarkParkUITests.swift */; };
		246592891E38FFB400E6040D /* CPSocialNetworkingManager.swift in Sources */ = {isa = PBXBuildFile; fileRef = 246592881E38FFB400E6040D /* CPSocialNetworkingManager.swift */; };
		24FB602A1D9C77A600A0C148 /* CPMenuList.swift in Sources */ = {isa = PBXBuildFile; fileRef = 24FB60291D9C77A600A0C148 /* CPMenuList.swift */; };
		24FB602D1D9C78E500A0C148 /* CPLoginViewController.swift in Sources */ = {isa = PBXBuildFile; fileRef = 24FB602C1D9C78E500A0C148 /* CPLoginViewController.swift */; };
		47D99C27E58B616FCC4B57EE /* Pods_CarkParkUITests.framework in Frameworks */ = {isa = PBXBuildFile; fileRef = 84C3DF55898B962B8D4C8004 /* Pods_CarkParkUITests.framework */; };
		6E0B80511E39482700892EC1 /* FBSDKCoreKit.framework in Frameworks */ = {isa = PBXBuildFile; fileRef = 6E0B804F1E39482700892EC1 /* FBSDKCoreKit.framework */; };
		6E0B80521E39482700892EC1 /* FBSDKLoginKit.framework in Frameworks */ = {isa = PBXBuildFile; fileRef = 6E0B80501E39482700892EC1 /* FBSDKLoginKit.framework */; };
		A27336B8DF7CEA49891BE9EC /* Pods_CarkPark.framework in Frameworks */ = {isa = PBXBuildFile; fileRef = BB7D2904B250F6F0383CE24B /* Pods_CarkPark.framework */; };
/* End PBXBuildFile section */

/* Begin PBXContainerItemProxy section */
		2432BD801D9C733E00AD7EC6 /* PBXContainerItemProxy */ = {
			isa = PBXContainerItemProxy;
			containerPortal = 2432BD601D9C733D00AD7EC6 /* Project object */;
			proxyType = 1;
			remoteGlobalIDString = 2432BD671D9C733D00AD7EC6;
			remoteInfo = CarkPark;
		};
		2432BD8B1D9C733E00AD7EC6 /* PBXContainerItemProxy */ = {
			isa = PBXContainerItemProxy;
			containerPortal = 2432BD601D9C733D00AD7EC6 /* Project object */;
			proxyType = 1;
			remoteGlobalIDString = 2432BD671D9C733D00AD7EC6;
			remoteInfo = CarkPark;
		};
/* End PBXContainerItemProxy section */

/* Begin PBXFileReference section */
		0BAF825155EFB77DCDD69B0A /* Pods-CarkParkUITests.debug.xcconfig */ = {isa = PBXFileReference; includeInIndex = 1; lastKnownFileType = text.xcconfig; name = "Pods-CarkParkUITests.debug.xcconfig"; path = "Pods/Target Support Files/Pods-CarkParkUITests/Pods-CarkParkUITests.debug.xcconfig"; sourceTree = "<group>"; };
		14EF3C8E2AE04F5DE20E1769 /* Pods-CarkPark.debug.xcconfig */ = {isa = PBXFileReference; includeInIndex = 1; lastKnownFileType = text.xcconfig; name = "Pods-CarkPark.debug.xcconfig"; path = "Pods/Target Support Files/Pods-CarkPark/Pods-CarkPark.debug.xcconfig"; sourceTree = "<group>"; };
		2432BD681D9C733D00AD7EC6 /* CarkPark.app */ = {isa = PBXFileReference; explicitFileType = wrapper.application; includeInIndex = 0; path = CarkPark.app; sourceTree = BUILT_PRODUCTS_DIR; };
		2432BD6B1D9C733D00AD7EC6 /* AppDelegate.swift */ = {isa = PBXFileReference; lastKnownFileType = sourcecode.swift; path = AppDelegate.swift; sourceTree = "<group>"; };
		2432BD6D1D9C733D00AD7EC6 /* ViewController.swift */ = {isa = PBXFileReference; lastKnownFileType = sourcecode.swift; path = ViewController.swift; sourceTree = "<group>"; };
		2432BD701D9C733D00AD7EC6 /* Base */ = {isa = PBXFileReference; lastKnownFileType = file.storyboard; name = Base; path = Base.lproj/Main.storyboard; sourceTree = "<group>"; };
		2432BD731D9C733D00AD7EC6 /* CarkPark.xcdatamodel */ = {isa = PBXFileReference; lastKnownFileType = wrapper.xcdatamodel; path = CarkPark.xcdatamodel; sourceTree = "<group>"; };
		2432BD751D9C733E00AD7EC6 /* Assets.xcassets */ = {isa = PBXFileReference; lastKnownFileType = folder.assetcatalog; path = Assets.xcassets; sourceTree = "<group>"; };
		2432BD781D9C733E00AD7EC6 /* Base */ = {isa = PBXFileReference; lastKnownFileType = file.storyboard; name = Base; path = Base.lproj/LaunchScreen.storyboard; sourceTree = "<group>"; };
		2432BD7A1D9C733E00AD7EC6 /* Info.plist */ = {isa = PBXFileReference; lastKnownFileType = text.plist.xml; path = Info.plist; sourceTree = "<group>"; };
		2432BD7F1D9C733E00AD7EC6 /* CarkParkTests.xctest */ = {isa = PBXFileReference; explicitFileType = wrapper.cfbundle; includeInIndex = 0; path = CarkParkTests.xctest; sourceTree = BUILT_PRODUCTS_DIR; };
		2432BD831D9C733E00AD7EC6 /* CarkParkTests.swift */ = {isa = PBXFileReference; lastKnownFileType = sourcecode.swift; path = CarkParkTests.swift; sourceTree = "<group>"; };
		2432BD851D9C733E00AD7EC6 /* Info.plist */ = {isa = PBXFileReference; lastKnownFileType = text.plist.xml; path = Info.plist; sourceTree = "<group>"; };
		2432BD8A1D9C733E00AD7EC6 /* CarkParkUITests.xctest */ = {isa = PBXFileReference; explicitFileType = wrapper.cfbundle; includeInIndex = 0; path = CarkParkUITests.xctest; sourceTree = BUILT_PRODUCTS_DIR; };
		2432BD8E1D9C733E00AD7EC6 /* CarkParkUITests.swift */ = {isa = PBXFileReference; lastKnownFileType = sourcecode.swift; path = CarkParkUITests.swift; sourceTree = "<group>"; };
		2432BD901D9C733E00AD7EC6 /* Info.plist */ = {isa = PBXFileReference; lastKnownFileType = text.plist.xml; path = Info.plist; sourceTree = "<group>"; };
		246592881E38FFB400E6040D /* CPSocialNetworkingManager.swift */ = {isa = PBXFileReference; fileEncoding = 4; lastKnownFileType = sourcecode.swift; path = CPSocialNetworkingManager.swift; sourceTree = "<group>"; };
		24FB60291D9C77A600A0C148 /* CPMenuList.swift */ = {isa = PBXFileReference; fileEncoding = 4; lastKnownFileType = sourcecode.swift; name = CPMenuList.swift; path = CPMenuList/CPMenuList.swift; sourceTree = "<group>"; };
		24FB602C1D9C78E500A0C148 /* CPLoginViewController.swift */ = {isa = PBXFileReference; fileEncoding = 4; lastKnownFileType = sourcecode.swift; name = CPLoginViewController.swift; path = CPLoginViewController/CPLoginViewController.swift; sourceTree = "<group>"; };
		4E6A464052B0A888DADB761B /* Pods-CarkPark.release.xcconfig */ = {isa = PBXFileReference; includeInIndex = 1; lastKnownFileType = text.xcconfig; name = "Pods-CarkPark.release.xcconfig"; path = "Pods/Target Support Files/Pods-CarkPark/Pods-CarkPark.release.xcconfig"; sourceTree = "<group>"; };
		6C1A631424C357B986211FD3 /* Pods-CarkParkTests.release.xcconfig */ = {isa = PBXFileReference; includeInIndex = 1; lastKnownFileType = text.xcconfig; name = "Pods-CarkParkTests.release.xcconfig"; path = "Pods/Target Support Files/Pods-CarkParkTests/Pods-CarkParkTests.release.xcconfig"; sourceTree = "<group>"; };
		6E0B804F1E39482700892EC1 /* FBSDKCoreKit.framework */ = {isa = PBXFileReference; lastKnownFileType = wrapper.framework; name = FBSDKCoreKit.framework; path = FacebookSDK/FBSDKCoreKit.framework; sourceTree = "<group>"; };
		6E0B80501E39482700892EC1 /* FBSDKLoginKit.framework */ = {isa = PBXFileReference; lastKnownFileType = wrapper.framework; name = FBSDKLoginKit.framework; path = FacebookSDK/FBSDKLoginKit.framework; sourceTree = "<group>"; };
		84C3DF55898B962B8D4C8004 /* Pods_CarkParkUITests.framework */ = {isa = PBXFileReference; explicitFileType = wrapper.framework; includeInIndex = 0; path = Pods_CarkParkUITests.framework; sourceTree = BUILT_PRODUCTS_DIR; };
		BB7D2904B250F6F0383CE24B /* Pods_CarkPark.framework */ = {isa = PBXFileReference; explicitFileType = wrapper.framework; includeInIndex = 0; path = Pods_CarkPark.framework; sourceTree = BUILT_PRODUCTS_DIR; };
		C020C8FDE1BD8AB98EED4587 /* Pods_CarkParkTests.framework */ = {isa = PBXFileReference; explicitFileType = wrapper.framework; includeInIndex = 0; path = Pods_CarkParkTests.framework; sourceTree = BUILT_PRODUCTS_DIR; };
		C833BD07D9AA4D1E99425F8E /* Pods-CarkParkTests.debug.xcconfig */ = {isa = PBXFileReference; includeInIndex = 1; lastKnownFileType = text.xcconfig; name = "Pods-CarkParkTests.debug.xcconfig"; path = "Pods/Target Support Files/Pods-CarkParkTests/Pods-CarkParkTests.debug.xcconfig"; sourceTree = "<group>"; };
		D2A59DDEB484075380870DEC /* Pods-CarkParkUITests.release.xcconfig */ = {isa = PBXFileReference; includeInIndex = 1; lastKnownFileType = text.xcconfig; name = "Pods-CarkParkUITests.release.xcconfig"; path = "Pods/Target Support Files/Pods-CarkParkUITests/Pods-CarkParkUITests.release.xcconfig"; sourceTree = "<group>"; };
/* End PBXFileReference section */

/* Begin PBXFrameworksBuildPhase section */
		2432BD651D9C733D00AD7EC6 /* Frameworks */ = {
			isa = PBXFrameworksBuildPhase;
			buildActionMask = 2147483647;
			files = (
				A27336B8DF7CEA49891BE9EC /* Pods_CarkPark.framework in Frameworks */,
				6E0B80511E39482700892EC1 /* FBSDKCoreKit.framework in Frameworks */,
				6E0B80521E39482700892EC1 /* FBSDKLoginKit.framework in Frameworks */,
			);
			runOnlyForDeploymentPostprocessing = 0;
		};
		2432BD7C1D9C733E00AD7EC6 /* Frameworks */ = {
			isa = PBXFrameworksBuildPhase;
			buildActionMask = 2147483647;
			files = (
				19295F94DBF00376F0FD9247 /* Pods_CarkParkTests.framework in Frameworks */,
			);
			runOnlyForDeploymentPostprocessing = 0;
		};
		2432BD871D9C733E00AD7EC6 /* Frameworks */ = {
			isa = PBXFrameworksBuildPhase;
			buildActionMask = 2147483647;
			files = (
				47D99C27E58B616FCC4B57EE /* Pods_CarkParkUITests.framework in Frameworks */,
			);
			runOnlyForDeploymentPostprocessing = 0;
		};
/* End PBXFrameworksBuildPhase section */

/* Begin PBXGroup section */
		2432BD5F1D9C733D00AD7EC6 = {
			isa = PBXGroup;
			children = (
				2432BD6A1D9C733D00AD7EC6 /* CarkPark */,
				2432BD821D9C733E00AD7EC6 /* CarkParkTests */,
				2432BD8D1D9C733E00AD7EC6 /* CarkParkUITests */,
				2432BD691D9C733D00AD7EC6 /* Products */,
				3E933C8702C720BCDA442F63 /* Pods */,
				CAB424841555E103F9C14B78 /* Frameworks */,
			);
			sourceTree = "<group>";
		};
		2432BD691D9C733D00AD7EC6 /* Products */ = {
			isa = PBXGroup;
			children = (
				2432BD681D9C733D00AD7EC6 /* CarkPark.app */,
				2432BD7F1D9C733E00AD7EC6 /* CarkParkTests.xctest */,
				2432BD8A1D9C733E00AD7EC6 /* CarkParkUITests.xctest */,
			);
			name = Products;
			sourceTree = "<group>";
		};
		2432BD6A1D9C733D00AD7EC6 /* CarkPark */ = {
			isa = PBXGroup;
			children = (
				2432BD6B1D9C733D00AD7EC6 /* AppDelegate.swift */,
				2432BD6D1D9C733D00AD7EC6 /* ViewController.swift */,
				2465928A1E39012700E6040D /* SocialManager */,
				24FB602E1D9C78ED00A0C148 /* CPLoginViewController */,
				24FB602B1D9C77AB00A0C148 /* CPMenuList */,
				2432BD6F1D9C733D00AD7EC6 /* Main.storyboard */,
				2432BD751D9C733E00AD7EC6 /* Assets.xcassets */,
				2432BD771D9C733E00AD7EC6 /* LaunchScreen.storyboard */,
				2432BD7A1D9C733E00AD7EC6 /* Info.plist */,
				2432BD721D9C733D00AD7EC6 /* CarkPark.xcdatamodeld */,
			);
			path = CarkPark;
			sourceTree = "<group>";
		};
		2432BD821D9C733E00AD7EC6 /* CarkParkTests */ = {
			isa = PBXGroup;
			children = (
				2432BD831D9C733E00AD7EC6 /* CarkParkTests.swift */,
				2432BD851D9C733E00AD7EC6 /* Info.plist */,
			);
			path = CarkParkTests;
			sourceTree = "<group>";
		};
		2432BD8D1D9C733E00AD7EC6 /* CarkParkUITests */ = {
			isa = PBXGroup;
			children = (
				2432BD8E1D9C733E00AD7EC6 /* CarkParkUITests.swift */,
				2432BD901D9C733E00AD7EC6 /* Info.plist */,
			);
			path = CarkParkUITests;
			sourceTree = "<group>";
		};
		2465928A1E39012700E6040D /* SocialManager */ = {
			isa = PBXGroup;
			children = (
				246592881E38FFB400E6040D /* CPSocialNetworkingManager.swift */,
			);
			name = SocialManager;
			sourceTree = "<group>";
		};
		24FB602B1D9C77AB00A0C148 /* CPMenuList */ = {
			isa = PBXGroup;
			children = (
				24FB60291D9C77A600A0C148 /* CPMenuList.swift */,
			);
			name = CPMenuList;
			sourceTree = "<group>";
		};
		24FB602E1D9C78ED00A0C148 /* CPLoginViewController */ = {
			isa = PBXGroup;
			children = (
				24FB602C1D9C78E500A0C148 /* CPLoginViewController.swift */,
			);
			name = CPLoginViewController;
			sourceTree = "<group>";
		};
		3E933C8702C720BCDA442F63 /* Pods */ = {
			isa = PBXGroup;
			children = (
				14EF3C8E2AE04F5DE20E1769 /* Pods-CarkPark.debug.xcconfig */,
				4E6A464052B0A888DADB761B /* Pods-CarkPark.release.xcconfig */,
				C833BD07D9AA4D1E99425F8E /* Pods-CarkParkTests.debug.xcconfig */,
				6C1A631424C357B986211FD3 /* Pods-CarkParkTests.release.xcconfig */,
				0BAF825155EFB77DCDD69B0A /* Pods-CarkParkUITests.debug.xcconfig */,
				D2A59DDEB484075380870DEC /* Pods-CarkParkUITests.release.xcconfig */,
			);
			name = Pods;
			sourceTree = "<group>";
		};
		CAB424841555E103F9C14B78 /* Frameworks */ = {
			isa = PBXGroup;
			children = (
				6E0B804F1E39482700892EC1 /* FBSDKCoreKit.framework */,
				6E0B80501E39482700892EC1 /* FBSDKLoginKit.framework */,
				BB7D2904B250F6F0383CE24B /* Pods_CarkPark.framework */,
				C020C8FDE1BD8AB98EED4587 /* Pods_CarkParkTests.framework */,
				84C3DF55898B962B8D4C8004 /* Pods_CarkParkUITests.framework */,
			);
			name = Frameworks;
			sourceTree = "<group>";
		};
/* End PBXGroup section */

/* Begin PBXNativeTarget section */
		2432BD671D9C733D00AD7EC6 /* CarkPark */ = {
			isa = PBXNativeTarget;
			buildConfigurationList = 2432BD931D9C733E00AD7EC6 /* Build configuration list for PBXNativeTarget "CarkPark" */;
			buildPhases = (
				4D6CF67FB54CEBFAE4396F23 /* [CP] Check Pods Manifest.lock */,
				2432BD641D9C733D00AD7EC6 /* Sources */,
				2432BD651D9C733D00AD7EC6 /* Frameworks */,
				2432BD661D9C733D00AD7EC6 /* Resources */,
				37BF4BBAD9C30C7C17EEF8F6 /* [CP] Embed Pods Frameworks */,
				C5614A9CD4526E6692B38FC8 /* [CP] Copy Pods Resources */,
			);
			buildRules = (
			);
			dependencies = (
			);
			name = CarkPark;
			productName = CarkPark;
			productReference = 2432BD681D9C733D00AD7EC6 /* CarkPark.app */;
			productType = "com.apple.product-type.application";
		};
		2432BD7E1D9C733E00AD7EC6 /* CarkParkTests */ = {
			isa = PBXNativeTarget;
			buildConfigurationList = 2432BD961D9C733E00AD7EC6 /* Build configuration list for PBXNativeTarget "CarkParkTests" */;
			buildPhases = (
				70A1BC72B688D834BC65A173 /* [CP] Check Pods Manifest.lock */,
				2432BD7B1D9C733E00AD7EC6 /* Sources */,
				2432BD7C1D9C733E00AD7EC6 /* Frameworks */,
				2432BD7D1D9C733E00AD7EC6 /* Resources */,
				364F49EC3E6CE2705FCE5781 /* [CP] Embed Pods Frameworks */,
				51B0B988987DA25FA090722C /* [CP] Copy Pods Resources */,
			);
			buildRules = (
			);
			dependencies = (
				2432BD811D9C733E00AD7EC6 /* PBXTargetDependency */,
			);
			name = CarkParkTests;
			productName = CarkParkTests;
			productReference = 2432BD7F1D9C733E00AD7EC6 /* CarkParkTests.xctest */;
			productType = "com.apple.product-type.bundle.unit-test";
		};
		2432BD891D9C733E00AD7EC6 /* CarkParkUITests */ = {
			isa = PBXNativeTarget;
			buildConfigurationList = 2432BD991D9C733E00AD7EC6 /* Build configuration list for PBXNativeTarget "CarkParkUITests" */;
			buildPhases = (
				FCE05F44C9E28D8E79E5A184 /* [CP] Check Pods Manifest.lock */,
				2432BD861D9C733E00AD7EC6 /* Sources */,
				2432BD871D9C733E00AD7EC6 /* Frameworks */,
				2432BD881D9C733E00AD7EC6 /* Resources */,
				8580D10E22AE6DDDD9CF7B37 /* [CP] Copy Pods Resources */,
			);
			buildRules = (
			);
			dependencies = (
				2432BD8C1D9C733E00AD7EC6 /* PBXTargetDependency */,
			);
			name = CarkParkUITests;
			productName = CarkParkUITests;
			productReference = 2432BD8A1D9C733E00AD7EC6 /* CarkParkUITests.xctest */;
			productType = "com.apple.product-type.bundle.ui-testing";
		};
/* End PBXNativeTarget section */

/* Begin PBXProject section */
		2432BD601D9C733D00AD7EC6 /* Project object */ = {
			isa = PBXProject;
			attributes = {
				LastSwiftUpdateCheck = 0800;
				LastUpgradeCheck = 0800;
				ORGANIZATIONNAME = CarPark;
				TargetAttributes = {
					2432BD671D9C733D00AD7EC6 = {
						CreatedOnToolsVersion = 8.0;
						ProvisioningStyle = Automatic;
					};
					2432BD7E1D9C733E00AD7EC6 = {
						CreatedOnToolsVersion = 8.0;
						ProvisioningStyle = Automatic;
						TestTargetID = 2432BD671D9C733D00AD7EC6;
					};
					2432BD891D9C733E00AD7EC6 = {
						CreatedOnToolsVersion = 8.0;
						ProvisioningStyle = Automatic;
						TestTargetID = 2432BD671D9C733D00AD7EC6;
					};
				};
			};
			buildConfigurationList = 2432BD631D9C733D00AD7EC6 /* Build configuration list for PBXProject "CarkPark" */;
			compatibilityVersion = "Xcode 3.2";
			developmentRegion = English;
			hasScannedForEncodings = 0;
			knownRegions = (
				en,
				Base,
			);
			mainGroup = 2432BD5F1D9C733D00AD7EC6;
			productRefGroup = 2432BD691D9C733D00AD7EC6 /* Products */;
			projectDirPath = "";
			projectRoot = "";
			targets = (
				2432BD671D9C733D00AD7EC6 /* CarkPark */,
				2432BD7E1D9C733E00AD7EC6 /* CarkParkTests */,
				2432BD891D9C733E00AD7EC6 /* CarkParkUITests */,
			);
		};
/* End PBXProject section */

/* Begin PBXResourcesBuildPhase section */
		2432BD661D9C733D00AD7EC6 /* Resources */ = {
			isa = PBXResourcesBuildPhase;
			buildActionMask = 2147483647;
			files = (
				2432BD791D9C733E00AD7EC6 /* LaunchScreen.storyboard in Resources */,
				2432BD761D9C733E00AD7EC6 /* Assets.xcassets in Resources */,
				2432BD711D9C733D00AD7EC6 /* Main.storyboard in Resources */,
			);
			runOnlyForDeploymentPostprocessing = 0;
		};
		2432BD7D1D9C733E00AD7EC6 /* Resources */ = {
			isa = PBXResourcesBuildPhase;
			buildActionMask = 2147483647;
			files = (
			);
			runOnlyForDeploymentPostprocessing = 0;
		};
		2432BD881D9C733E00AD7EC6 /* Resources */ = {
			isa = PBXResourcesBuildPhase;
			buildActionMask = 2147483647;
			files = (
			);
			runOnlyForDeploymentPostprocessing = 0;
		};
/* End PBXResourcesBuildPhase section */

/* Begin PBXShellScriptBuildPhase section */
		364F49EC3E6CE2705FCE5781 /* [CP] Embed Pods Frameworks */ = {
			isa = PBXShellScriptBuildPhase;
			buildActionMask = 2147483647;
			files = (
			);
			inputPaths = (
			);
			name = "[CP] Embed Pods Frameworks";
			outputPaths = (
			);
			runOnlyForDeploymentPostprocessing = 0;
			shellPath = /bin/sh;
			shellScript = "\"${SRCROOT}/Pods/Target Support Files/Pods-CarkParkTests/Pods-CarkParkTests-frameworks.sh\"\n";
			showEnvVarsInLog = 0;
		};
		37BF4BBAD9C30C7C17EEF8F6 /* [CP] Embed Pods Frameworks */ = {
			isa = PBXShellScriptBuildPhase;
			buildActionMask = 2147483647;
			files = (
			);
			inputPaths = (
			);
			name = "[CP] Embed Pods Frameworks";
			outputPaths = (
			);
			runOnlyForDeploymentPostprocessing = 0;
			shellPath = /bin/sh;
			shellScript = "\"${SRCROOT}/Pods/Target Support Files/Pods-CarkPark/Pods-CarkPark-frameworks.sh\"\n";
			showEnvVarsInLog = 0;
		};
		4D6CF67FB54CEBFAE4396F23 /* [CP] Check Pods Manifest.lock */ = {
			isa = PBXShellScriptBuildPhase;
			buildActionMask = 2147483647;
			files = (
			);
			inputPaths = (
			);
			name = "[CP] Check Pods Manifest.lock";
			outputPaths = (
			);
			runOnlyForDeploymentPostprocessing = 0;
			shellPath = /bin/sh;
			shellScript = "diff \"${PODS_ROOT}/../Podfile.lock\" \"${PODS_ROOT}/Manifest.lock\" > /dev/null\nif [[ $? != 0 ]] ; then\n    cat << EOM\nerror: The sandbox is not in sync with the Podfile.lock. Run 'pod install' or update your CocoaPods installation.\nEOM\n    exit 1\nfi\n";
			showEnvVarsInLog = 0;
		};
		51B0B988987DA25FA090722C /* [CP] Copy Pods Resources */ = {
			isa = PBXShellScriptBuildPhase;
			buildActionMask = 2147483647;
			files = (
			);
			inputPaths = (
			);
			name = "[CP] Copy Pods Resources";
			outputPaths = (
			);
			runOnlyForDeploymentPostprocessing = 0;
			shellPath = /bin/sh;
			shellScript = "\"${SRCROOT}/Pods/Target Support Files/Pods-CarkParkTests/Pods-CarkParkTests-resources.sh\"\n";
			showEnvVarsInLog = 0;
		};
		70A1BC72B688D834BC65A173 /* [CP] Check Pods Manifest.lock */ = {
			isa = PBXShellScriptBuildPhase;
			buildActionMask = 2147483647;
			files = (
			);
			inputPaths = (
			);
			name = "[CP] Check Pods Manifest.lock";
			outputPaths = (
			);
			runOnlyForDeploymentPostprocessing = 0;
			shellPath = /bin/sh;
			shellScript = "diff \"${PODS_ROOT}/../Podfile.lock\" \"${PODS_ROOT}/Manifest.lock\" > /dev/null\nif [[ $? != 0 ]] ; then\n    cat << EOM\nerror: The sandbox is not in sync with the Podfile.lock. Run 'pod install' or update your CocoaPods installation.\nEOM\n    exit 1\nfi\n";
			showEnvVarsInLog = 0;
		};
		8580D10E22AE6DDDD9CF7B37 /* [CP] Copy Pods Resources */ = {
			isa = PBXShellScriptBuildPhase;
			buildActionMask = 2147483647;
			files = (
			);
			inputPaths = (
			);
			name = "[CP] Copy Pods Resources";
			outputPaths = (
			);
			runOnlyForDeploymentPostprocessing = 0;
			shellPath = /bin/sh;
			shellScript = "\"${SRCROOT}/Pods/Target Support Files/Pods-CarkParkUITests/Pods-CarkParkUITests-resources.sh\"\n";
			showEnvVarsInLog = 0;
		};
		C5614A9CD4526E6692B38FC8 /* [CP] Copy Pods Resources */ = {
			isa = PBXShellScriptBuildPhase;
			buildActionMask = 2147483647;
			files = (
			);
			inputPaths = (
			);
			name = "[CP] Copy Pods Resources";
			outputPaths = (
			);
			runOnlyForDeploymentPostprocessing = 0;
			shellPath = /bin/sh;
			shellScript = "\"${SRCROOT}/Pods/Target Support Files/Pods-CarkPark/Pods-CarkPark-resources.sh\"\n";
			showEnvVarsInLog = 0;
		};
		FCE05F44C9E28D8E79E5A184 /* [CP] Check Pods Manifest.lock */ = {
			isa = PBXShellScriptBuildPhase;
			buildActionMask = 2147483647;
			files = (
			);
			inputPaths = (
			);
			name = "[CP] Check Pods Manifest.lock";
			outputPaths = (
			);
			runOnlyForDeploymentPostprocessing = 0;
			shellPath = /bin/sh;
			shellScript = "diff \"${PODS_ROOT}/../Podfile.lock\" \"${PODS_ROOT}/Manifest.lock\" > /dev/null\nif [[ $? != 0 ]] ; then\n    cat << EOM\nerror: The sandbox is not in sync with the Podfile.lock. Run 'pod install' or update your CocoaPods installation.\nEOM\n    exit 1\nfi\n";
			showEnvVarsInLog = 0;
		};
/* End PBXShellScriptBuildPhase section */

/* Begin PBXSourcesBuildPhase section */
		2432BD641D9C733D00AD7EC6 /* Sources */ = {
			isa = PBXSourcesBuildPhase;
			buildActionMask = 2147483647;
			files = (
				2432BD741D9C733D00AD7EC6 /* CarkPark.xcdatamodeld in Sources */,
				2432BD6E1D9C733D00AD7EC6 /* ViewController.swift in Sources */,
				2432BD6C1D9C733D00AD7EC6 /* AppDelegate.swift in Sources */,
				24FB602D1D9C78E500A0C148 /* CPLoginViewController.swift in Sources */,
				24FB602A1D9C77A600A0C148 /* CPMenuList.swift in Sources */,
				246592891E38FFB400E6040D /* CPSocialNetworkingManager.swift in Sources */,
			);
			runOnlyForDeploymentPostprocessing = 0;
		};
		2432BD7B1D9C733E00AD7EC6 /* Sources */ = {
			isa = PBXSourcesBuildPhase;
			buildActionMask = 2147483647;
			files = (
				2432BD841D9C733E00AD7EC6 /* CarkParkTests.swift in Sources */,
			);
			runOnlyForDeploymentPostprocessing = 0;
		};
		2432BD861D9C733E00AD7EC6 /* Sources */ = {
			isa = PBXSourcesBuildPhase;
			buildActionMask = 2147483647;
			files = (
				2432BD8F1D9C733E00AD7EC6 /* CarkParkUITests.swift in Sources */,
			);
			runOnlyForDeploymentPostprocessing = 0;
		};
/* End PBXSourcesBuildPhase section */

/* Begin PBXTargetDependency section */
		2432BD811D9C733E00AD7EC6 /* PBXTargetDependency */ = {
			isa = PBXTargetDependency;
			target = 2432BD671D9C733D00AD7EC6 /* CarkPark */;
			targetProxy = 2432BD801D9C733E00AD7EC6 /* PBXContainerItemProxy */;
		};
		2432BD8C1D9C733E00AD7EC6 /* PBXTargetDependency */ = {
			isa = PBXTargetDependency;
			target = 2432BD671D9C733D00AD7EC6 /* CarkPark */;
			targetProxy = 2432BD8B1D9C733E00AD7EC6 /* PBXContainerItemProxy */;
		};
/* End PBXTargetDependency section */

/* Begin PBXVariantGroup section */
		2432BD6F1D9C733D00AD7EC6 /* Main.storyboard */ = {
			isa = PBXVariantGroup;
			children = (
				2432BD701D9C733D00AD7EC6 /* Base */,
			);
			name = Main.storyboard;
			sourceTree = "<group>";
		};
		2432BD771D9C733E00AD7EC6 /* LaunchScreen.storyboard */ = {
			isa = PBXVariantGroup;
			children = (
				2432BD781D9C733E00AD7EC6 /* Base */,
			);
			name = LaunchScreen.storyboard;
			sourceTree = "<group>";
		};
/* End PBXVariantGroup section */

/* Begin XCBuildConfiguration section */
		2432BD911D9C733E00AD7EC6 /* Debug */ = {
			isa = XCBuildConfiguration;
			buildSettings = {
				ALWAYS_SEARCH_USER_PATHS = NO;
				CLANG_ANALYZER_NONNULL = YES;
				CLANG_CXX_LANGUAGE_STANDARD = "gnu++0x";
				CLANG_CXX_LIBRARY = "libc++";
				CLANG_ENABLE_MODULES = YES;
				CLANG_ENABLE_OBJC_ARC = YES;
				CLANG_WARN_BOOL_CONVERSION = YES;
				CLANG_WARN_CONSTANT_CONVERSION = YES;
				CLANG_WARN_DIRECT_OBJC_ISA_USAGE = YES_ERROR;
				CLANG_WARN_DOCUMENTATION_COMMENTS = YES;
				CLANG_WARN_EMPTY_BODY = YES;
				CLANG_WARN_ENUM_CONVERSION = YES;
				CLANG_WARN_INFINITE_RECURSION = YES;
				CLANG_WARN_INT_CONVERSION = YES;
				CLANG_WARN_OBJC_ROOT_CLASS = YES_ERROR;
				CLANG_WARN_SUSPICIOUS_MOVES = YES;
				CLANG_WARN_UNREACHABLE_CODE = YES;
				CLANG_WARN__DUPLICATE_METHOD_MATCH = YES;
				"CODE_SIGN_IDENTITY[sdk=iphoneos*]" = "iPhone Developer";
				COPY_PHASE_STRIP = NO;
				DEBUG_INFORMATION_FORMAT = dwarf;
				ENABLE_STRICT_OBJC_MSGSEND = YES;
				ENABLE_TESTABILITY = YES;
				GCC_C_LANGUAGE_STANDARD = gnu99;
				GCC_DYNAMIC_NO_PIC = NO;
				GCC_NO_COMMON_BLOCKS = YES;
				GCC_OPTIMIZATION_LEVEL = 0;
				GCC_PREPROCESSOR_DEFINITIONS = (
					"DEBUG=1",
					"$(inherited)",
				);
				GCC_WARN_64_TO_32_BIT_CONVERSION = YES;
				GCC_WARN_ABOUT_RETURN_TYPE = YES_ERROR;
				GCC_WARN_UNDECLARED_SELECTOR = YES;
				GCC_WARN_UNINITIALIZED_AUTOS = YES_AGGRESSIVE;
				GCC_WARN_UNUSED_FUNCTION = YES;
				GCC_WARN_UNUSED_VARIABLE = YES;
				IPHONEOS_DEPLOYMENT_TARGET = 10.0;
				MTL_ENABLE_DEBUG_INFO = YES;
				ONLY_ACTIVE_ARCH = YES;
				SDKROOT = iphoneos;
				SWIFT_ACTIVE_COMPILATION_CONDITIONS = DEBUG;
				SWIFT_OPTIMIZATION_LEVEL = "-Onone";
				TARGETED_DEVICE_FAMILY = "1,2";
			};
			name = Debug;
		};
		2432BD921D9C733E00AD7EC6 /* Release */ = {
			isa = XCBuildConfiguration;
			buildSettings = {
				ALWAYS_SEARCH_USER_PATHS = NO;
				CLANG_ANALYZER_NONNULL = YES;
				CLANG_CXX_LANGUAGE_STANDARD = "gnu++0x";
				CLANG_CXX_LIBRARY = "libc++";
				CLANG_ENABLE_MODULES = YES;
				CLANG_ENABLE_OBJC_ARC = YES;
				CLANG_WARN_BOOL_CONVERSION = YES;
				CLANG_WARN_CONSTANT_CONVERSION = YES;
				CLANG_WARN_DIRECT_OBJC_ISA_USAGE = YES_ERROR;
				CLANG_WARN_DOCUMENTATION_COMMENTS = YES;
				CLANG_WARN_EMPTY_BODY = YES;
				CLANG_WARN_ENUM_CONVERSION = YES;
				CLANG_WARN_INFINITE_RECURSION = YES;
				CLANG_WARN_INT_CONVERSION = YES;
				CLANG_WARN_OBJC_ROOT_CLASS = YES_ERROR;
				CLANG_WARN_SUSPICIOUS_MOVES = YES;
				CLANG_WARN_UNREACHABLE_CODE = YES;
				CLANG_WARN__DUPLICATE_METHOD_MATCH = YES;
				"CODE_SIGN_IDENTITY[sdk=iphoneos*]" = "iPhone Developer";
				COPY_PHASE_STRIP = NO;
				DEBUG_INFORMATION_FORMAT = "dwarf-with-dsym";
				ENABLE_NS_ASSERTIONS = NO;
				ENABLE_STRICT_OBJC_MSGSEND = YES;
				GCC_C_LANGUAGE_STANDARD = gnu99;
				GCC_NO_COMMON_BLOCKS = YES;
				GCC_WARN_64_TO_32_BIT_CONVERSION = YES;
				GCC_WARN_ABOUT_RETURN_TYPE = YES_ERROR;
				GCC_WARN_UNDECLARED_SELECTOR = YES;
				GCC_WARN_UNINITIALIZED_AUTOS = YES_AGGRESSIVE;
				GCC_WARN_UNUSED_FUNCTION = YES;
				GCC_WARN_UNUSED_VARIABLE = YES;
				IPHONEOS_DEPLOYMENT_TARGET = 10.0;
				MTL_ENABLE_DEBUG_INFO = NO;
				SDKROOT = iphoneos;
				SWIFT_OPTIMIZATION_LEVEL = "-Owholemodule";
				TARGETED_DEVICE_FAMILY = "1,2";
				VALIDATE_PRODUCT = YES;
			};
			name = Release;
		};
		2432BD941D9C733E00AD7EC6 /* Debug */ = {
			isa = XCBuildConfiguration;
			baseConfigurationReference = 14EF3C8E2AE04F5DE20E1769 /* Pods-CarkPark.debug.xcconfig */;
			buildSettings = {
				ASSETCATALOG_COMPILER_APPICON_NAME = AppIcon;
				FRAMEWORK_SEARCH_PATHS = (
					"$(inherited)",
					"$(PROJECT_DIR)/FacebookSDK",
				);
				INFOPLIST_FILE = CarkPark/Info.plist;
				LD_RUNPATH_SEARCH_PATHS = "$(inherited) @executable_path/Frameworks";
				PRODUCT_BUNDLE_IDENTIFIER = com.a1distribute.CarkPark;
				PRODUCT_NAME = "$(TARGET_NAME)";
				SWIFT_VERSION = 3.0;
			};
			name = Debug;
		};
		2432BD951D9C733E00AD7EC6 /* Release */ = {
			isa = XCBuildConfiguration;
			baseConfigurationReference = 4E6A464052B0A888DADB761B /* Pods-CarkPark.release.xcconfig */;
			buildSettings = {
				ASSETCATALOG_COMPILER_APPICON_NAME = AppIcon;
				FRAMEWORK_SEARCH_PATHS = (
					"$(inherited)",
					"$(PROJECT_DIR)/FacebookSDK",
				);
				INFOPLIST_FILE = CarkPark/Info.plist;
				LD_RUNPATH_SEARCH_PATHS = "$(inherited) @executable_path/Frameworks";
				PRODUCT_BUNDLE_IDENTIFIER = com.a1distribute.CarkPark;
				PRODUCT_NAME = "$(TARGET_NAME)";
				SWIFT_VERSION = 3.0;
			};
			name = Release;
		};
		2432BD971D9C733E00AD7EC6 /* Debug */ = {
			isa = XCBuildConfiguration;
			baseConfigurationReference = C833BD07D9AA4D1E99425F8E /* Pods-CarkParkTests.debug.xcconfig */;
			buildSettings = {
				ALWAYS_EMBED_SWIFT_STANDARD_LIBRARIES = YES;
				BUNDLE_LOADER = "$(TEST_HOST)";
				INFOPLIST_FILE = CarkParkTests/Info.plist;
				LD_RUNPATH_SEARCH_PATHS = "$(inherited) @executable_path/Frameworks @loader_path/Frameworks";
				PRODUCT_BUNDLE_IDENTIFIER = com.a1distribute.CarkParkTests;
				PRODUCT_NAME = "$(TARGET_NAME)";
				SWIFT_VERSION = 3.0;
				TEST_HOST = "$(BUILT_PRODUCTS_DIR)/CarkPark.app/CarkPark";
			};
			name = Debug;
		};
		2432BD981D9C733E00AD7EC6 /* Release */ = {
			isa = XCBuildConfiguration;
			baseConfigurationReference = 6C1A631424C357B986211FD3 /* Pods-CarkParkTests.release.xcconfig */;
			buildSettings = {
				ALWAYS_EMBED_SWIFT_STANDARD_LIBRARIES = YES;
				BUNDLE_LOADER = "$(TEST_HOST)";
				INFOPLIST_FILE = CarkParkTests/Info.plist;
				LD_RUNPATH_SEARCH_PATHS = "$(inherited) @executable_path/Frameworks @loader_path/Frameworks";
				PRODUCT_BUNDLE_IDENTIFIER = com.a1distribute.CarkParkTests;
				PRODUCT_NAME = "$(TARGET_NAME)";
				SWIFT_VERSION = 3.0;
				TEST_HOST = "$(BUILT_PRODUCTS_DIR)/CarkPark.app/CarkPark";
			};
			name = Release;
		};
		2432BD9A1D9C733E00AD7EC6 /* Debug */ = {
			isa = XCBuildConfiguration;
			baseConfigurationReference = 0BAF825155EFB77DCDD69B0A /* Pods-CarkParkUITests.debug.xcconfig */;
			buildSettings = {
				ALWAYS_EMBED_SWIFT_STANDARD_LIBRARIES = YES;
				INFOPLIST_FILE = CarkParkUITests/Info.plist;
				LD_RUNPATH_SEARCH_PATHS = "$(inherited) @executable_path/Frameworks @loader_path/Frameworks";
				PRODUCT_BUNDLE_IDENTIFIER = com.a1distribute.CarkParkUITests;
				PRODUCT_NAME = "$(TARGET_NAME)";
				SWIFT_VERSION = 3.0;
				TEST_TARGET_NAME = CarkPark;
			};
			name = Debug;
		};
		2432BD9B1D9C733E00AD7EC6 /* Release */ = {
			isa = XCBuildConfiguration;
			baseConfigurationReference = D2A59DDEB484075380870DEC /* Pods-CarkParkUITests.release.xcconfig */;
			buildSettings = {
				ALWAYS_EMBED_SWIFT_STANDARD_LIBRARIES = YES;
				INFOPLIST_FILE = CarkParkUITests/Info.plist;
				LD_RUNPATH_SEARCH_PATHS = "$(inherited) @executable_path/Frameworks @loader_path/Frameworks";
				PRODUCT_BUNDLE_IDENTIFIER = com.a1distribute.CarkParkUITests;
				PRODUCT_NAME = "$(TARGET_NAME)";
				SWIFT_VERSION = 3.0;
				TEST_TARGET_NAME = CarkPark;
			};
			name = Release;
		};
/* End XCBuildConfiguration section */

/* Begin XCConfigurationList section */
		2432BD631D9C733D00AD7EC6 /* Build configuration list for PBXProject "CarkPark" */ = {
			isa = XCConfigurationList;
			buildConfigurations = (
				2432BD911D9C733E00AD7EC6 /* Debug */,
				2432BD921D9C733E00AD7EC6 /* Release */,
			);
			defaultConfigurationIsVisible = 0;
			defaultConfigurationName = Release;
		};
		2432BD931D9C733E00AD7EC6 /* Build configuration list for PBXNativeTarget "CarkPark" */ = {
			isa = XCConfigurationList;
			buildConfigurations = (
				2432BD941D9C733E00AD7EC6 /* Debug */,
				2432BD951D9C733E00AD7EC6 /* Release */,
			);
			defaultConfigurationIsVisible = 0;
			defaultConfigurationName = Release;
		};
		2432BD961D9C733E00AD7EC6 /* Build configuration list for PBXNativeTarget "CarkParkTests" */ = {
			isa = XCConfigurationList;
			buildConfigurations = (
				2432BD971D9C733E00AD7EC6 /* Debug */,
				2432BD981D9C733E00AD7EC6 /* Release */,
			);
			defaultConfigurationIsVisible = 0;
			defaultConfigurationName = Release;
		};
		2432BD991D9C733E00AD7EC6 /* Build configuration list for PBXNativeTarget "CarkParkUITests" */ = {
			isa = XCConfigurationList;
			buildConfigurations = (
				2432BD9A1D9C733E00AD7EC6 /* Debug */,
				2432BD9B1D9C733E00AD7EC6 /* Release */,
			);
			defaultConfigurationIsVisible = 0;
			defaultConfigurationName = Release;
		};
/* End XCConfigurationList section */

/* Begin XCVersionGroup section */
		2432BD721D9C733D00AD7EC6 /* CarkPark.xcdatamodeld */ = {
			isa = XCVersionGroup;
			children = (
				2432BD731D9C733D00AD7EC6 /* CarkPark.xcdatamodel */,
			);
			currentVersion = 2432BD731D9C733D00AD7EC6 /* CarkPark.xcdatamodel */;
			path = CarkPark.xcdatamodeld;
			sourceTree = "<group>";
			versionGroupType = wrapper.xcdatamodel;
		};
/* End XCVersionGroup section */
	};
	rootObject = 2432BD601D9C733D00AD7EC6 /* Project object */;
}
